{
  "name": "@mcschema/java-1.18",
  "version": "0.1.14",
  "lockfileVersion": 2,
  "requires": true,
  "packages": {
    "": {
      "name": "@mcschema/java-1.18",
      "version": "0.1.14",
      "license": "MIT",
      "dependencies": {
        "@mcschema/core": "^0.12.13"
      }
    },
    "node_modules/@mcschema/core": {
      "version": "0.12.13",
      "resolved": "https://registry.npmjs.org/@mcschema/core/-/core-0.12.13.tgz",
      "integrity": "sha512-k5io/SNI3rsbtEtUniTxxN3Mms+g+L6/o3aMfYOsCK2vn163pPSY84wO5wWGxec87726P8a1wkRvos7rdqV/Jw=="
    }
  },
  "dependencies": {
    "@mcschema/core": {
      "version": "0.12.13",
      "resolved": "https://registry.npmjs.org/@mcschema/core/-/core-0.12.13.tgz",
      "integrity": "sha512-k5io/SNI3rsbtEtUniTxxN3Mms+g+L6/o3aMfYOsCK2vn163pPSY84wO5wWGxec87726P8a1wkRvos7rdqV/Jw=="
    }
  }
}
