{
  "name": "@mcschema/java-1.15",
  "version": "0.1.1",
  "lockfileVersion": 1,
  "requires": true,
  "dependencies": {
    "@mcschema/core": {
      "version": "0.11.8",
      "resolved": "https://registry.npmjs.org/@mcschema/core/-/core-0.11.8.tgz",
      "integrity": "sha512-BCMgAS7NoTLelEZBmEnOAVt08qt3qdo9tL0KDypfxAqpIt7MTazpf9kBxpG/8ew6M0EC/+cIIFBiF6h6pN5yhA=="
    }
  }
}
