{
  "name": "@mcschema/java-1.16",
  "version": "0.4.0",
  "lockfileVersion": 1,
  "requires": true,
  "dependencies": {
    "@mcschema/core": {
      "version": "0.7.0",
      "resolved": "https://registry.npmjs.org/@mcschema/core/-/core-0.7.0.tgz",
      "integrity": "sha512-FNxTsiLlpUOKr6zrkSCH0kcMVXQ6C3mQ6RMPQXl9lXOUBbvAgNmeujfFqmsA0gLyqJ5pAySjpRlWDHj6DjgWug=="
    }
  }
}
