{
  "name": "@mcschema/java-1.16",
  "version": "0.2.11",
  "lockfileVersion": 1,
  "requires": true,
  "dependencies": {
    "@mcschema/core": {
      "version": "0.5.1",
      "resolved": "https://registry.npmjs.org/@mcschema/core/-/core-0.5.1.tgz",
      "integrity": "sha512-VD3Wgab9fOwgIYXtcmbkaGQqGUPiOQIgCGgoNamm898Hs+Gs2973E0/JIBQMzDz/rNkqTxZK5+sDSuT2skE0fQ==",
      "requires": {
        "@mcschema/locales": "^0.1.2"
      }
    },
    "@mcschema/locales": {
      "version": "0.1.2",
      "resolved": "https://registry.npmjs.org/@mcschema/locales/-/locales-0.1.2.tgz",
      "integrity": "sha512-L+dw/cpI+WAdIjNFTDQzs9PKYpN5HkuC1SMVyGDaTFc6wsv0hoxhjmkGyUyNF12EW5G1iPEuSfBj8vHsNFC0zA=="
    },
    "typescript": {
      "version": "3.9.5",
      "resolved": "https://registry.npmjs.org/typescript/-/typescript-3.9.5.tgz",
      "integrity": "sha512-hSAifV3k+i6lEoCJ2k6R2Z/rp/H3+8sdmcn5NrS3/3kE7+RyZXm9aqvxWqjEXHAd8b0pShatpcdMTvEdvAJltQ==",
      "dev": true
    }
  }
}
