{
  "name": "@mcschema/java-1.16",
  "version": "0.1.2",
  "lockfileVersion": 1,
  "requires": true,
  "dependencies": {
    "@mcschema/core": {
      "version": "0.3.1",
      "resolved": "https://registry.npmjs.org/@mcschema/core/-/core-0.3.1.tgz",
      "integrity": "sha512-H1AsijXac1JzPDTK2GBpp1kgD3jdEv/uJY4Ai0RgD2luxqOqRrUPblCoYKWr1yPAHljU9RdAaFpSy3Mab4qvPg=="
    },
    "typescript": {
      "version": "3.9.5",
      "resolved": "https://registry.npmjs.org/typescript/-/typescript-3.9.5.tgz",
      "integrity": "sha512-hSAifV3k+i6lEoCJ2k6R2Z/rp/H3+8sdmcn5NrS3/3kE7+RyZXm9aqvxWqjEXHAd8b0pShatpcdMTvEdvAJltQ==",
      "dev": true
    }
  }
}
