{
  "name": "@mcschema/java-1.17",
  "version": "0.1.0",
  "lockfileVersion": 1,
  "requires": true,
  "dependencies": {
    "@mcschema/core": {
      "version": "0.11.0",
      "resolved": "https://registry.npmjs.org/@mcschema/core/-/core-0.11.0.tgz",
      "integrity": "sha512-6FZxNI2PQleT/4wDIatL7PvTZRHvbD5zWzcJLl0JgvKu7G6XXmox+TNT3L7j/auGCDSSf4wq+n+MtoXYxZ/EnQ=="
    }
  }
}
