{
  "name": "@mcschema/java-1.17",
  "version": "0.1.2",
  "lockfileVersion": 1,
  "requires": true,
  "dependencies": {
    "@mcschema/core": {
      "version": "0.11.1",
      "resolved": "https://registry.npmjs.org/@mcschema/core/-/core-0.11.1.tgz",
      "integrity": "sha512-WSPS8Ht7/ugv0grAF1UWIIzdQ8OQzSpscby6U/BSip7Wgos0ITnX79fQpq7iIlbkIf6VfdTlM1yO4VRMks8D0g=="
    }
  }
}
