{
  "name": "@mcschema/java-1.17",
  "version": "0.2.4",
  "lockfileVersion": 1,
  "requires": true,
  "dependencies": {
    "@mcschema/core": {
      "version": "0.12.3",
      "resolved": "https://registry.npmjs.org/@mcschema/core/-/core-0.12.3.tgz",
      "integrity": "sha512-2xE+q6KZpZuuXZvzbl6ETqwF2fIXUZRdwlIjGu82NizpjDz1IQAXoVrBMctb22jsC38G/mkJYJ+5pZ8tDg7otA=="
    }
  }
}
